// !$*UTF8*$!
{
	archiveVersion = 1;
	classes = {
	};
	objectVersion = 56;
	objects = {

/* Begin PBXBuildFile section */
		9741DD182A1B696A00D18178 /* Tree.swift in Sources */ = {isa = PBXBuildFile; fileRef = 9741DD172A1B696A00D18178 /* Tree.swift */; };
		9741DD1A2A1B6A1B00D18178 /* Extensions.swift in Sources */ = {isa = PBXBuildFile; fileRef = 9741DD192A1B6A1B00D18178 /* Extensions.swift */; };
		9741DD1C2A1B72C800D18178 /* People.swift in Sources */ = {isa = PBXBuildFile; fileRef = 9741DD1B2A1B72C800D18178 /* People.swift */; };
		9741DD212A1C15F200D18178 /* Iteration.swift in Sources */ = {isa = PBXBuildFile; fileRef = 9741DD202A1C15F200D18178 /* Iteration.swift */; };
		9741DD252A1D6E5000D18178 /* Memory.swift in Sources */ = {isa = PBXBuildFile; fileRef = 9741DD242A1D6E5000D18178 /* Memory.swift */; };
		9745F79F2A218B01002EC557 /* Counter.swift in Sources */ = {isa = PBXBuildFile; fileRef = 9745F79E2A218B01002EC557 /* Counter.swift */; };
		9795A18E2A1AAACA00593A73 /* main.swift in Sources */ = {isa = PBXBuildFile; fileRef = 9795A18D2A1AAACA00593A73 /* main.swift */; };
		97F6D4A72A21BAAB00F2CCAC /* Export.swift in Sources */ = {isa = PBXBuildFile; fileRef = 97F6D4A62A21BAAB00F2CCAC /* Export.swift */; };
/* End PBXBuildFile section */

/* Begin PBXCopyFilesBuildPhase section */
		9795A1882A1AAACA00593A73 /* CopyFiles */ = {
			isa = PBXCopyFilesBuildPhase;
			buildActionMask = 2147483647;
			dstPath = /usr/share/man/man1/;
			dstSubfolderSpec = 0;
			files = (
			);
			runOnlyForDeploymentPostprocessing = 1;
		};
/* End PBXCopyFilesBuildPhase section */

/* Begin PBXFileReference section */
		9741DD172A1B696A00D18178 /* Tree.swift */ = {isa = PBXFileReference; lastKnownFileType = sourcecode.swift; path = Tree.swift; sourceTree = "<group>"; };
		9741DD192A1B6A1B00D18178 /* Extensions.swift */ = {isa = PBXFileReference; lastKnownFileType = sourcecode.swift; path = Extensions.swift; sourceTree = "<group>"; };
		9741DD1B2A1B72C800D18178 /* People.swift */ = {isa = PBXFileReference; lastKnownFileType = sourcecode.swift; path = People.swift; sourceTree = "<group>"; };
		9741DD202A1C15F200D18178 /* Iteration.swift */ = {isa = PBXFileReference; lastKnownFileType = sourcecode.swift; path = Iteration.swift; sourceTree = "<group>"; };
		9741DD232A1D2EB500D18178 /* README.md */ = {isa = PBXFileReference; lastKnownFileType = net.daringfireball.markdown; path = README.md; sourceTree = "<group>"; };
		9741DD242A1D6E5000D18178 /* Memory.swift */ = {isa = PBXFileReference; lastKnownFileType = sourcecode.swift; path = Memory.swift; sourceTree = "<group>"; };
		9745F79E2A218B01002EC557 /* Counter.swift */ = {isa = PBXFileReference; lastKnownFileType = sourcecode.swift; path = Counter.swift; sourceTree = "<group>"; };
		9795A18A2A1AAACA00593A73 /* Shitmulation */ = {isa = PBXFileReference; explicitFileType = "compiled.mach-o.executable"; includeInIndex = 0; path = Shitmulation; sourceTree = BUILT_PRODUCTS_DIR; };
		9795A18D2A1AAACA00593A73 /* main.swift */ = {isa = PBXFileReference; lastKnownFileType = sourcecode.swift; path = main.swift; sourceTree = "<group>"; };
		97F6D4A62A21BAAB00F2CCAC /* Export.swift */ = {isa = PBXFileReference; lastKnownFileType = sourcecode.swift; path = Export.swift; sourceTree = "<group>"; };
/* End PBXFileReference section */

/* Begin PBXFrameworksBuildPhase section */
		9795A1872A1AAACA00593A73 /* Frameworks */ = {
			isa = PBXFrameworksBuildPhase;
			buildActionMask = 2147483647;
			files = (
			);
			runOnlyForDeploymentPostprocessing = 0;
		};
/* End PBXFrameworksBuildPhase section */

/* Begin PBXGroup section */
		9741DD222A1D2C4300D18178 /* Models */ = {
			isa = PBXGroup;
			children = (
				9745F79E2A218B01002EC557 /* Counter.swift */,
				97F6D4A62A21BAAB00F2CCAC /* Export.swift */,
				9741DD202A1C15F200D18178 /* Iteration.swift */,
				9741DD242A1D6E5000D18178 /* Memory.swift */,
				9741DD1B2A1B72C800D18178 /* People.swift */,
				9741DD172A1B696A00D18178 /* Tree.swift */,
			);
			path = Models;
			sourceTree = "<group>";
		};
		9795A1812A1AAACA00593A73 = {
			isa = PBXGroup;
			children = (
				9741DD232A1D2EB500D18178 /* README.md */,
				9795A18C2A1AAACA00593A73 /* Shitmulation */,
				9795A18B2A1AAACA00593A73 /* Products */,
			);
			sourceTree = "<group>";
		};
		9795A18B2A1AAACA00593A73 /* Products */ = {
			isa = PBXGroup;
			children = (
				9795A18A2A1AAACA00593A73 /* Shitmulation */,
			);
			name = Products;
			sourceTree = "<group>";
		};
		9795A18C2A1AAACA00593A73 /* Shitmulation */ = {
			isa = PBXGroup;
			children = (
				9741DD222A1D2C4300D18178 /* Models */,
				9741DD192A1B6A1B00D18178 /* Extensions.swift */,
				9795A18D2A1AAACA00593A73 /* main.swift */,
			);
			path = Shitmulation;
			sourceTree = "<group>";
		};
/* End PBXGroup section */

/* Begin PBXNativeTarget section */
		9795A1892A1AAACA00593A73 /* Shitmulation */ = {
			isa = PBXNativeTarget;
			buildConfigurationList = 9795A1912A1AAACA00593A73 /* Build configuration list for PBXNativeTarget "Shitmulation" */;
			buildPhases = (
				9795A1862A1AAACA00593A73 /* Sources */,
				9795A1872A1AAACA00593A73 /* Frameworks */,
				9795A1882A1AAACA00593A73 /* CopyFiles */,
				9741DD1F2A1C0F3800D18178 /* TODOs */,
			);
			buildRules = (
			);
			dependencies = (
			);
			name = Shitmulation;
			productName = Shitmulation;
			productReference = 9795A18A2A1AAACA00593A73 /* Shitmulation */;
			productType = "com.apple.product-type.tool";
		};
/* End PBXNativeTarget section */

/* Begin PBXProject section */
		9795A1822A1AAACA00593A73 /* Project object */ = {
			isa = PBXProject;
			attributes = {
				BuildIndependentTargetsInParallel = 1;
				LastSwiftUpdateCheck = 1430;
				LastUpgradeCheck = 1430;
				TargetAttributes = {
					9795A1892A1AAACA00593A73 = {
						CreatedOnToolsVersion = 14.3;
					};
				};
			};
			buildConfigurationList = 9795A1852A1AAACA00593A73 /* Build configuration list for PBXProject "Shitmulation" */;
			compatibilityVersion = "Xcode 14.0";
			developmentRegion = en;
			hasScannedForEncodings = 0;
			knownRegions = (
				en,
				Base,
			);
			mainGroup = 9795A1812A1AAACA00593A73;
			productRefGroup = 9795A18B2A1AAACA00593A73 /* Products */;
			projectDirPath = "";
			projectRoot = "";
			targets = (
				9795A1892A1AAACA00593A73 /* Shitmulation */,
			);
		};
/* End PBXProject section */

/* Begin PBXShellScriptBuildPhase section */
		9741DD1F2A1C0F3800D18178 /* TODOs */ = {
			isa = PBXShellScriptBuildPhase;
			alwaysOutOfDate = 1;
			buildActionMask = 2147483647;
			files = (
			);
			inputFileListPaths = (
			);
			inputPaths = (
			);
			name = TODOs;
			outputFileListPaths = (
			);
			outputPaths = (
			);
			runOnlyForDeploymentPostprocessing = 0;
			shellPath = /bin/sh;
			shellScript = "declare -a TAGS=(\"TODO:\" \"FIXME:\" \"ASK:\" \"WAITING:\")\necho \"searching ${SRCROOT} for ${TAGS}\"\n\nfor TAG in ${TAGS[@]}; do\nfind \"${SRCROOT}/Shitmulation\" \\( -name \"*.swift\" -or -name \"*.m\" -or -name \"*.h\" \\) -print0 | xargs -0 egrep --with-filename --line-number --only-matching \"($TAG).*\\$\" | perl -p -e \"s/($TAG)/ warning: \\$1/\"\ndone\n";
		};
/* End PBXShellScriptBuildPhase section */

/* Begin PBXSourcesBuildPhase section */
		9795A1862A1AAACA00593A73 /* Sources */ = {
			isa = PBXSourcesBuildPhase;
			buildActionMask = 2147483647;
			files = (
				9741DD252A1D6E5000D18178 /* Memory.swift in Sources */,
				9741DD1C2A1B72C800D18178 /* People.swift in Sources */,
				9745F79F2A218B01002EC557 /* Counter.swift in Sources */,
				9795A18E2A1AAACA00593A73 /* main.swift in Sources */,
				9741DD1A2A1B6A1B00D18178 /* Extensions.swift in Sources */,
				9741DD212A1C15F200D18178 /* Iteration.swift in Sources */,
				9741DD182A1B696A00D18178 /* Tree.swift in Sources */,
				97F6D4A72A21BAAB00F2CCAC /* Export.swift in Sources */,
			);
			runOnlyForDeploymentPostprocessing = 0;
		};
/* End PBXSourcesBuildPhase section */

/* Begin XCBuildConfiguration section */
		9795A18F2A1AAACA00593A73 /* Debug */ = {
			isa = XCBuildConfiguration;
			buildSettings = {
				ALWAYS_SEARCH_USER_PATHS = NO;
				CLANG_ANALYZER_NONNULL = YES;
				CLANG_ANALYZER_NUMBER_OBJECT_CONVERSION = YES_AGGRESSIVE;
				CLANG_CXX_LANGUAGE_STANDARD = "gnu++20";
				CLANG_ENABLE_MODULES = YES;
				CLANG_ENABLE_OBJC_ARC = YES;
				CLANG_ENABLE_OBJC_WEAK = YES;
				CLANG_WARN_BLOCK_CAPTURE_AUTORELEASING = YES;
				CLANG_WARN_BOOL_CONVERSION = YES;
				CLANG_WARN_COMMA = YES;
				CLANG_WARN_CONSTANT_CONVERSION = YES;
				CLANG_WARN_DEPRECATED_OBJC_IMPLEMENTATIONS = YES;
				CLANG_WARN_DIRECT_OBJC_ISA_USAGE = YES_ERROR;
				CLANG_WARN_DOCUMENTATION_COMMENTS = YES;
				CLANG_WARN_EMPTY_BODY = YES;
				CLANG_WARN_ENUM_CONVERSION = YES;
				CLANG_WARN_INFINITE_RECURSION = YES;
				CLANG_WARN_INT_CONVERSION = YES;
				CLANG_WARN_NON_LITERAL_NULL_CONVERSION = YES;
				CLANG_WARN_OBJC_IMPLICIT_RETAIN_SELF = YES;
				CLANG_WARN_OBJC_LITERAL_CONVERSION = YES;
				CLANG_WARN_OBJC_ROOT_CLASS = YES_ERROR;
				CLANG_WARN_QUOTED_INCLUDE_IN_FRAMEWORK_HEADER = YES;
				CLANG_WARN_RANGE_LOOP_ANALYSIS = YES;
				CLANG_WARN_STRICT_PROTOTYPES = YES;
				CLANG_WARN_SUSPICIOUS_MOVE = YES;
				CLANG_WARN_UNGUARDED_AVAILABILITY = YES_AGGRESSIVE;
				CLANG_WARN_UNREACHABLE_CODE = YES;
				CLANG_WARN__DUPLICATE_METHOD_MATCH = YES;
				COPY_PHASE_STRIP = NO;
				DEBUG_INFORMATION_FORMAT = dwarf;
				ENABLE_STRICT_OBJC_MSGSEND = YES;
				ENABLE_TESTABILITY = YES;
				GCC_C_LANGUAGE_STANDARD = gnu11;
				GCC_DYNAMIC_NO_PIC = NO;
				GCC_NO_COMMON_BLOCKS = YES;
				GCC_OPTIMIZATION_LEVEL = 0;
				GCC_PREPROCESSOR_DEFINITIONS = (
					"DEBUG=1",
					"$(inherited)",
				);
				GCC_WARN_64_TO_32_BIT_CONVERSION = YES;
				GCC_WARN_ABOUT_RETURN_TYPE = YES_ERROR;
				GCC_WARN_UNDECLARED_SELECTOR = YES;
				GCC_WARN_UNINITIALIZED_AUTOS = YES_AGGRESSIVE;
				GCC_WARN_UNUSED_FUNCTION = YES;
				GCC_WARN_UNUSED_VARIABLE = YES;
				MACOSX_DEPLOYMENT_TARGET = 13.3;
				MTL_ENABLE_DEBUG_INFO = INCLUDE_SOURCE;
				MTL_FAST_MATH = YES;
				ONLY_ACTIVE_ARCH = YES;
				SDKROOT = macosx;
				SWIFT_ACTIVE_COMPILATION_CONDITIONS = DEBUG;
				SWIFT_OPTIMIZATION_LEVEL = "-Onone";
			};
			name = Debug;
		};
		9795A1902A1AAACA00593A73 /* Release */ = {
			isa = XCBuildConfiguration;
			buildSettings = {
				ALWAYS_SEARCH_USER_PATHS = NO;
				CLANG_ANALYZER_NONNULL = YES;
				CLANG_ANALYZER_NUMBER_OBJECT_CONVERSION = YES_AGGRESSIVE;
				CLANG_CXX_LANGUAGE_STANDARD = "gnu++20";
				CLANG_ENABLE_MODULES = YES;
				CLANG_ENABLE_OBJC_ARC = YES;
				CLANG_ENABLE_OBJC_WEAK = YES;
				CLANG_WARN_BLOCK_CAPTURE_AUTORELEASING = YES;
				CLANG_WARN_BOOL_CONVERSION = YES;
				CLANG_WARN_COMMA = YES;
				CLANG_WARN_CONSTANT_CONVERSION = YES;
				CLANG_WARN_DEPRECATED_OBJC_IMPLEMENTATIONS = YES;
				CLANG_WARN_DIRECT_OBJC_ISA_USAGE = YES_ERROR;
				CLANG_WARN_DOCUMENTATION_COMMENTS = YES;
				CLANG_WARN_EMPTY_BODY = YES;
				CLANG_WARN_ENUM_CONVERSION = YES;
				CLANG_WARN_INFINITE_RECURSION = YES;
				CLANG_WARN_INT_CONVERSION = YES;
				CLANG_WARN_NON_LITERAL_NULL_CONVERSION = YES;
				CLANG_WARN_OBJC_IMPLICIT_RETAIN_SELF = YES;
				CLANG_WARN_OBJC_LITERAL_CONVERSION = YES;
				CLANG_WARN_OBJC_ROOT_CLASS = YES_ERROR;
				CLANG_WARN_QUOTED_INCLUDE_IN_FRAMEWORK_HEADER = YES;
				CLANG_WARN_RANGE_LOOP_ANALYSIS = YES;
				CLANG_WARN_STRICT_PROTOTYPES = YES;
				CLANG_WARN_SUSPICIOUS_MOVE = YES;
				CLANG_WARN_UNGUARDED_AVAILABILITY = YES_AGGRESSIVE;
				CLANG_WARN_UNREACHABLE_CODE = YES;
				CLANG_WARN__DUPLICATE_METHOD_MATCH = YES;
				COPY_PHASE_STRIP = NO;
				DEBUG_INFORMATION_FORMAT = "dwarf-with-dsym";
				ENABLE_NS_ASSERTIONS = NO;
				ENABLE_STRICT_OBJC_MSGSEND = YES;
				GCC_C_LANGUAGE_STANDARD = gnu11;
				GCC_NO_COMMON_BLOCKS = YES;
				GCC_WARN_64_TO_32_BIT_CONVERSION = YES;
				GCC_WARN_ABOUT_RETURN_TYPE = YES_ERROR;
				GCC_WARN_UNDECLARED_SELECTOR = YES;
				GCC_WARN_UNINITIALIZED_AUTOS = YES_AGGRESSIVE;
				GCC_WARN_UNUSED_FUNCTION = YES;
				GCC_WARN_UNUSED_VARIABLE = YES;
				MACOSX_DEPLOYMENT_TARGET = 13.3;
				MTL_ENABLE_DEBUG_INFO = NO;
				MTL_FAST_MATH = YES;
				SDKROOT = macosx;
				SWIFT_COMPILATION_MODE = wholemodule;
				SWIFT_OPTIMIZATION_LEVEL = "-O";
			};
			name = Release;
		};
		9795A1922A1AAACA00593A73 /* Debug */ = {
			isa = XCBuildConfiguration;
			buildSettings = {
				CODE_SIGN_STYLE = Automatic;
				DEVELOPMENT_TEAM = 79RY8264V4;
				ENABLE_HARDENED_RUNTIME = YES;
				PRODUCT_NAME = "$(TARGET_NAME)";
				SWIFT_VERSION = 5.0;
			};
			name = Debug;
		};
		9795A1932A1AAACA00593A73 /* Release */ = {
			isa = XCBuildConfiguration;
			buildSettings = {
				CODE_SIGN_STYLE = Automatic;
				DEVELOPMENT_TEAM = 79RY8264V4;
				ENABLE_HARDENED_RUNTIME = YES;
				GCC_OPTIMIZATION_LEVEL = fast;
				PRODUCT_NAME = "$(TARGET_NAME)";
				SWIFT_VERSION = 5.0;
			};
			name = Release;
		};
/* End XCBuildConfiguration section */

/* Begin XCConfigurationList section */
		9795A1852A1AAACA00593A73 /* Build configuration list for PBXProject "Shitmulation" */ = {
			isa = XCConfigurationList;
			buildConfigurations = (
				9795A18F2A1AAACA00593A73 /* Debug */,
				9795A1902A1AAACA00593A73 /* Release */,
			);
			defaultConfigurationIsVisible = 0;
			defaultConfigurationName = Release;
		};
		9795A1912A1AAACA00593A73 /* Build configuration list for PBXNativeTarget "Shitmulation" */ = {
			isa = XCConfigurationList;
			buildConfigurations = (
				9795A1922A1AAACA00593A73 /* Debug */,
				9795A1932A1AAACA00593A73 /* Release */,
			);
			defaultConfigurationIsVisible = 0;
			defaultConfigurationName = Release;
		};
/* End XCConfigurationList section */
	};
	rootObject = 9795A1822A1AAACA00593A73 /* Project object */;
}
